// !$*UTF8*$!
{
	archiveVersion = 1;
	classes = {
	};
	objectVersion = 50;
	objects = {

/* Begin PBXBuildFile section */
		2DAB262925390D7500A4AEBC /* AppDelegate.swift in Sources */ = {isa = PBXBuildFile; fileRef = 2DAB262825390D7500A4AEBC /* AppDelegate.swift */; };
		2DAB262B25390D7500A4AEBC /* SceneDelegate.swift in Sources */ = {isa = PBXBuildFile; fileRef = 2DAB262A25390D7500A4AEBC /* SceneDelegate.swift */; };
		2DAB262D25390D7500A4AEBC /* ViewController.swift in Sources */ = {isa = PBXBuildFile; fileRef = 2DAB262C25390D7500A4AEBC /* ViewController.swift */; };
		2DAB263025390D7500A4AEBC /* Main.storyboard in Resources */ = {isa = PBXBuildFile; fileRef = 2DAB262E25390D7500A4AEBC /* Main.storyboard */; };
		2DAB263225390D7A00A4AEBC /* Assets.xcassets in Resources */ = {isa = PBXBuildFile; fileRef = 2DAB263125390D7A00A4AEBC /* Assets.xcassets */; };
		2DAB263525390D7A00A4AEBC /* LaunchScreen.storyboard in Resources */ = {isa = PBXBuildFile; fileRef = 2DAB263325390D7A00A4AEBC /* LaunchScreen.storyboard */; };
		2DAB263E25390E2D00A4AEBC /* Customers.swift in Sources */ = {isa = PBXBuildFile; fileRef = 2DAB263D25390E2D00A4AEBC /* Customers.swift */; };
		2DAB264625390F5500A4AEBC /* CustomerService.swift in Sources */ = {isa = PBXBuildFile; fileRef = 2DAB264525390F5500A4AEBC /* CustomerService.swift */; };
		2DAB264A2539101000A4AEBC /* CustomerModel.swift in Sources */ = {isa = PBXBuildFile; fileRef = 2DAB26492539101000A4AEBC /* CustomerModel.swift */; };
		2DAB26552539A8C100A4AEBC /* CustomerDetailViewController.swift in Sources */ = {isa = PBXBuildFile; fileRef = 2DAB26542539A8C100A4AEBC /* CustomerDetailViewController.swift */; };
/* End PBXBuildFile section */

/* Begin PBXFileReference section */
		2DAB262525390D7500A4AEBC /* MobileJobEditor.app */ = {isa = PBXFileReference; explicitFileType = wrapper.application; includeInIndex = 0; path = MobileJobEditor.app; sourceTree = BUILT_PRODUCTS_DIR; };
		2DAB262825390D7500A4AEBC /* AppDelegate.swift */ = {isa = PBXFileReference; lastKnownFileType = sourcecode.swift; path = AppDelegate.swift; sourceTree = "<group>"; };
		2DAB262A25390D7500A4AEBC /* SceneDelegate.swift */ = {isa = PBXFileReference; lastKnownFileType = sourcecode.swift; path = SceneDelegate.swift; sourceTree = "<group>"; };
		2DAB262C25390D7500A4AEBC /* ViewController.swift */ = {isa = PBXFileReference; lastKnownFileType = sourcecode.swift; path = ViewController.swift; sourceTree = "<group>"; };
		2DAB262F25390D7500A4AEBC /* Base */ = {isa = PBXFileReference; lastKnownFileType = file.storyboard; name = Base; path = Base.lproj/Main.storyboard; sourceTree = "<group>"; };
		2DAB263125390D7A00A4AEBC /* Assets.xcassets */ = {isa = PBXFileReference; lastKnownFileType = folder.assetcatalog; path = Assets.xcassets; sourceTree = "<group>"; };
		2DAB263425390D7A00A4AEBC /* Base */ = {isa = PBXFileReference; lastKnownFileType = file.storyboard; name = Base; path = Base.lproj/LaunchScreen.storyboard; sourceTree = "<group>"; };
		2DAB263625390D7A00A4AEBC /* Info.plist */ = {isa = PBXFileReference; lastKnownFileType = text.plist.xml; path = Info.plist; sourceTree = "<group>"; };
		2DAB263D25390E2D00A4AEBC /* Customers.swift */ = {isa = PBXFileReference; lastKnownFileType = sourcecode.swift; path = Customers.swift; sourceTree = "<group>"; };
		2DAB264525390F5500A4AEBC /* CustomerService.swift */ = {isa = PBXFileReference; lastKnownFileType = sourcecode.swift; path = CustomerService.swift; sourceTree = "<group>"; };
		2DAB26492539101000A4AEBC /* CustomerModel.swift */ = {isa = PBXFileReference; lastKnownFileType = sourcecode.swift; path = CustomerModel.swift; sourceTree = "<group>"; };
		2DAB26542539A8C100A4AEBC /* CustomerDetailViewController.swift */ = {isa = PBXFileReference; lastKnownFileType = sourcecode.swift; path = CustomerDetailViewController.swift; sourceTree = "<group>"; };
/* End PBXFileReference section */

/* Begin PBXFrameworksBuildPhase section */
		2DAB262225390D7500A4AEBC /* Frameworks */ = {
			isa = PBXFrameworksBuildPhase;
			buildActionMask = 2147483647;
			files = (
			);
			runOnlyForDeploymentPostprocessing = 0;
		};
/* End PBXFrameworksBuildPhase section */

/* Begin PBXGroup section */
		2DAB261C25390D7500A4AEBC = {
			isa = PBXGroup;
			children = (
				2DAB262725390D7500A4AEBC /* MobileJobEditor */,
				2DAB262625390D7500A4AEBC /* Products */,
			);
			sourceTree = "<group>";
		};
		2DAB262625390D7500A4AEBC /* Products */ = {
			isa = PBXGroup;
			children = (
				2DAB262525390D7500A4AEBC /* MobileJobEditor.app */,
			);
			name = Products;
			sourceTree = "<group>";
		};
		2DAB262725390D7500A4AEBC /* MobileJobEditor */ = {
			isa = PBXGroup;
			children = (
				2DAB262825390D7500A4AEBC /* AppDelegate.swift */,
				2DAB262A25390D7500A4AEBC /* SceneDelegate.swift */,
				2DAB262C25390D7500A4AEBC /* ViewController.swift */,
				2DAB26542539A8C100A4AEBC /* CustomerDetailViewController.swift */,
				2DAB26492539101000A4AEBC /* CustomerModel.swift */,
				2DAB263D25390E2D00A4AEBC /* Customers.swift */,
				2DAB264525390F5500A4AEBC /* CustomerService.swift */,
				2DAB262E25390D7500A4AEBC /* Main.storyboard */,
				2DAB263125390D7A00A4AEBC /* Assets.xcassets */,
				2DAB263325390D7A00A4AEBC /* LaunchScreen.storyboard */,
				2DAB263625390D7A00A4AEBC /* Info.plist */,
			);
			path = MobileJobEditor;
			sourceTree = "<group>";
		};
/* End PBXGroup section */

/* Begin PBXNativeTarget section */
		2DAB262425390D7500A4AEBC /* MobileJobEditor */ = {
			isa = PBXNativeTarget;
			buildConfigurationList = 2DAB263925390D7A00A4AEBC /* Build configuration list for PBXNativeTarget "MobileJobEditor" */;
			buildPhases = (
				2DAB262125390D7500A4AEBC /* Sources */,
				2DAB262225390D7500A4AEBC /* Frameworks */,
				2DAB262325390D7500A4AEBC /* Resources */,
			);
			buildRules = (
			);
			dependencies = (
			);
			name = MobileJobEditor;
			productName = MobileJobEditor;
			productReference = 2DAB262525390D7500A4AEBC /* MobileJobEditor.app */;
			productType = "com.apple.product-type.application";
		};
/* End PBXNativeTarget section */

/* Begin PBXProject section */
		2DAB261D25390D7500A4AEBC /* Project object */ = {
			isa = PBXProject;
			attributes = {
				LastSwiftUpdateCheck = 1200;
				LastUpgradeCheck = 1200;
				TargetAttributes = {
					2DAB262425390D7500A4AEBC = {
						CreatedOnToolsVersion = 12.0.1;
					};
				};
			};
			buildConfigurationList = 2DAB262025390D7500A4AEBC /* Build configuration list for PBXProject "MobileJobEditor" */;
			compatibilityVersion = "Xcode 9.3";
			developmentRegion = en;
			hasScannedForEncodings = 0;
			knownRegions = (
				en,
				Base,
			);
			mainGroup = 2DAB261C25390D7500A4AEBC;
			productRefGroup = 2DAB262625390D7500A4AEBC /* Products */;
			projectDirPath = "";
			projectRoot = "";
			targets = (
				2DAB262425390D7500A4AEBC /* MobileJobEditor */,
			);
		};
/* End PBXProject section */

/* Begin PBXResourcesBuildPhase section */
		2DAB262325390D7500A4AEBC /* Resources */ = {
			isa = PBXResourcesBuildPhase;
			buildActionMask = 2147483647;
			files = (
				2DAB263525390D7A00A4AEBC /* LaunchScreen.storyboard in Resources */,
				2DAB263225390D7A00A4AEBC /* Assets.xcassets in Resources */,
				2DAB263025390D7500A4AEBC /* Main.storyboard in Resources */,
			);
			runOnlyForDeploymentPostprocessing = 0;
		};
/* End PBXResourcesBuildPhase section */

/* Begin PBXSourcesBuildPhase section */
		2DAB262125390D7500A4AEBC /* Sources */ = {
			isa = PBXSourcesBuildPhase;
			buildActionMask = 2147483647;
			files = (
				2DAB262D25390D7500A4AEBC /* ViewController.swift in Sources */,
				2DAB264A2539101000A4AEBC /* CustomerModel.swift in Sources */,
				2DAB262925390D7500A4AEBC /* AppDelegate.swift in Sources */,
				2DAB264625390F5500A4AEBC /* CustomerService.swift in Sources */,
				2DAB262B25390D7500A4AEBC /* SceneDelegate.swift in Sources */,
				2DAB263E25390E2D00A4AEBC /* Customers.swift in Sources */,
				2DAB26552539A8C100A4AEBC /* CustomerDetailViewController.swift in Sources */,
			);
			runOnlyForDeploymentPostprocessing = 0;
		};
/* End PBXSourcesBuildPhase section */

/* Begin PBXVariantGroup section */
		2DAB262E25390D7500A4AEBC /* Main.storyboard */ = {
			isa = PBXVariantGroup;
			children = (
				2DAB262F25390D7500A4AEBC /* Base */,
			);
			name = Main.storyboard;
			sourceTree = "<group>";
		};
		2DAB263325390D7A00A4AEBC /* LaunchScreen.storyboard */ = {
			isa = PBXVariantGroup;
			children = (
				2DAB263425390D7A00A4AEBC /* Base */,
			);
			name = LaunchScreen.storyboard;
			sourceTree = "<group>";
		};
/* End PBXVariantGroup section */

/* Begin XCBuildConfiguration section */
		2DAB263725390D7A00A4AEBC /* Debug */ = {
			isa = XCBuildConfiguration;
			buildSettings = {
				ALWAYS_SEARCH_USER_PATHS = NO;
				CLANG_ANALYZER_NONNULL = YES;
				CLANG_ANALYZER_NUMBER_OBJECT_CONVERSION = YES_AGGRESSIVE;
				CLANG_CXX_LANGUAGE_STANDARD = "gnu++14";
				CLANG_CXX_LIBRARY = "libc++";
				CLANG_ENABLE_MODULES = YES;
				CLANG_ENABLE_OBJC_ARC = YES;
				CLANG_ENABLE_OBJC_WEAK = YES;
				CLANG_WARN_BLOCK_CAPTURE_AUTORELEASING = YES;
				CLANG_WARN_BOOL_CONVERSION = YES;
				CLANG_WARN_COMMA = YES;
				CLANG_WARN_CONSTANT_CONVERSION = YES;
				CLANG_WARN_DEPRECATED_OBJC_IMPLEMENTATIONS = YES;
				CLANG_WARN_DIRECT_OBJC_ISA_USAGE = YES_ERROR;
				CLANG_WARN_DOCUMENTATION_COMMENTS = YES;
				CLANG_WARN_EMPTY_BODY = YES;
				CLANG_WARN_ENUM_CONVERSION = YES;
				CLANG_WARN_INFINITE_RECURSION = YES;
				CLANG_WARN_INT_CONVERSION = YES;
				CLANG_WARN_NON_LITERAL_NULL_CONVERSION = YES;
				CLANG_WARN_OBJC_IMPLICIT_RETAIN_SELF = YES;
				CLANG_WARN_OBJC_LITERAL_CONVERSION = YES;
				CLANG_WARN_OBJC_ROOT_CLASS = YES_ERROR;
				CLANG_WARN_QUOTED_INCLUDE_IN_FRAMEWORK_HEADER = YES;
				CLANG_WARN_RANGE_LOOP_ANALYSIS = YES;
				CLANG_WARN_STRICT_PROTOTYPES = YES;
				CLANG_WARN_SUSPICIOUS_MOVE = YES;
				CLANG_WARN_UNGUARDED_AVAILABILITY = YES_AGGRESSIVE;
				CLANG_WARN_UNREACHABLE_CODE = YES;
				CLANG_WARN__DUPLICATE_METHOD_MATCH = YES;
				COPY_PHASE_STRIP = NO;
				DEBUG_INFORMATION_FORMAT = dwarf;
				ENABLE_STRICT_OBJC_MSGSEND = YES;
				ENABLE_TESTABILITY = YES;
				GCC_C_LANGUAGE_STANDARD = gnu11;
				GCC_DYNAMIC_NO_PIC = NO;
				GCC_NO_COMMON_BLOCKS = YES;
				GCC_OPTIMIZATION_LEVEL = 0;
				GCC_PREPROCESSOR_DEFINITIONS = (
					"DEBUG=1",
					"$(inherited)",
				);
				GCC_WARN_64_TO_32_BIT_CONVERSION = YES;
				GCC_WARN_ABOUT_RETURN_TYPE = YES_ERROR;
				GCC_WARN_UNDECLARED_SELECTOR = YES;
				GCC_WARN_UNINITIALIZED_AUTOS = YES_AGGRESSIVE;
				GCC_WARN_UNUSED_FUNCTION = YES;
				GCC_WARN_UNUSED_VARIABLE = YES;
				IPHONEOS_DEPLOYMENT_TARGET = 13.6;
				MTL_ENABLE_DEBUG_INFO = INCLUDE_SOURCE;
				MTL_FAST_MATH = YES;
				ONLY_ACTIVE_ARCH = YES;
				SDKROOT = iphoneos;
				SWIFT_ACTIVE_COMPILATION_CONDITIONS = DEBUG;
				SWIFT_OPTIMIZATION_LEVEL = "-Onone";
			};
			name = Debug;
		};
		2DAB263825390D7A00A4AEBC /* Release */ = {
			isa = XCBuildConfiguration;
			buildSettings = {
				ALWAYS_SEARCH_USER_PATHS = NO;
				CLANG_ANALYZER_NONNULL = YES;
				CLANG_ANALYZER_NUMBER_OBJECT_CONVERSION = YES_AGGRESSIVE;
				CLANG_CXX_LANGUAGE_STANDARD = "gnu++14";
				CLANG_CXX_LIBRARY = "libc++";
				CLANG_ENABLE_MODULES = YES;
				CLANG_ENABLE_OBJC_ARC = YES;
				CLANG_ENABLE_OBJC_WEAK = YES;
				CLANG_WARN_BLOCK_CAPTURE_AUTORELEASING = YES;
				CLANG_WARN_BOOL_CONVERSION = YES;
				CLANG_WARN_COMMA = YES;
				CLANG_WARN_CONSTANT_CONVERSION = YES;
				CLANG_WARN_DEPRECATED_OBJC_IMPLEMENTATIONS = YES;
				CLANG_WARN_DIRECT_OBJC_ISA_USAGE = YES_ERROR;
				CLANG_WARN_DOCUMENTATION_COMMENTS = YES;
				CLANG_WARN_EMPTY_BODY = YES;
				CLANG_WARN_ENUM_CONVERSION = YES;
				CLANG_WARN_INFINITE_RECURSION = YES;
				CLANG_WARN_INT_CONVERSION = YES;
				CLANG_WARN_NON_LITERAL_NULL_CONVERSION = YES;
				CLANG_WARN_OBJC_IMPLICIT_RETAIN_SELF = YES;
				CLANG_WARN_OBJC_LITERAL_CONVERSION = YES;
				CLANG_WARN_OBJC_ROOT_CLASS = YES_ERROR;
				CLANG_WARN_QUOTED_INCLUDE_IN_FRAMEWORK_HEADER = YES;
				CLANG_WARN_RANGE_LOOP_ANALYSIS = YES;
				CLANG_WARN_STRICT_PROTOTYPES = YES;
				CLANG_WARN_SUSPICIOUS_MOVE = YES;
				CLANG_WARN_UNGUARDED_AVAILABILITY = YES_AGGRESSIVE;
				CLANG_WARN_UNREACHABLE_CODE = YES;
				CLANG_WARN__DUPLICATE_METHOD_MATCH = YES;
				COPY_PHASE_STRIP = NO;
				DEBUG_INFORMATION_FORMAT = "dwarf-with-dsym";
				ENABLE_NS_ASSERTIONS = NO;
				ENABLE_STRICT_OBJC_MSGSEND = YES;
				GCC_C_LANGUAGE_STANDARD = gnu11;
				GCC_NO_COMMON_BLOCKS = YES;
				GCC_WARN_64_TO_32_BIT_CONVERSION = YES;
				GCC_WARN_ABOUT_RETURN_TYPE = YES_ERROR;
				GCC_WARN_UNDECLARED_SELECTOR = YES;
				GCC_WARN_UNINITIALIZED_AUTOS = YES_AGGRESSIVE;
				GCC_WARN_UNUSED_FUNCTION = YES;
				GCC_WARN_UNUSED_VARIABLE = YES;
				IPHONEOS_DEPLOYMENT_TARGET = 13.6;
				MTL_ENABLE_DEBUG_INFO = NO;
				MTL_FAST_MATH = YES;
				SDKROOT = iphoneos;
				SWIFT_COMPILATION_MODE = wholemodule;
				SWIFT_OPTIMIZATION_LEVEL = "-O";
				VALIDATE_PRODUCT = YES;
			};
			name = Release;
		};
		2DAB263A25390D7A00A4AEBC /* Debug */ = {
			isa = XCBuildConfiguration;
			buildSettings = {
				ASSETCATALOG_COMPILER_APPICON_NAME = AppIcon;
				ASSETCATALOG_COMPILER_GLOBAL_ACCENT_COLOR_NAME = AccentColor;
				CODE_SIGN_STYLE = Automatic;
				DEVELOPMENT_TEAM = UAW3MMBV52;
				INFOPLIST_FILE = MobileJobEditor/Info.plist;
				LD_RUNPATH_SEARCH_PATHS = (
					"$(inherited)",
					"@executable_path/Frameworks",
				);
				PRODUCT_BUNDLE_IDENTIFIER = com.osvaldogarcia.MobileJobEditor;
				PRODUCT_NAME = "$(TARGET_NAME)";
				SWIFT_VERSION = 5.0;
				TARGETED_DEVICE_FAMILY = "1,2";
			};
			name = Debug;
		};
		2DAB263B25390D7A00A4AEBC /* Release */ = {
			isa = XCBuildConfiguration;
			buildSettings = {
				ASSETCATALOG_COMPILER_APPICON_NAME = AppIcon;
				ASSETCATALOG_COMPILER_GLOBAL_ACCENT_COLOR_NAME = AccentColor;
				CODE_SIGN_STYLE = Automatic;
				DEVELOPMENT_TEAM = UAW3MMBV52;
				INFOPLIST_FILE = MobileJobEditor/Info.plist;
				LD_RUNPATH_SEARCH_PATHS = (
					"$(inherited)",
					"@executable_path/Frameworks",
				);
				PRODUCT_BUNDLE_IDENTIFIER = com.osvaldogarcia.MobileJobEditor;
				PRODUCT_NAME = "$(TARGET_NAME)";
				SWIFT_VERSION = 5.0;
				TARGETED_DEVICE_FAMILY = "1,2";
			};
			name = Release;
		};
/* End XCBuildConfiguration section */

/* Begin XCConfigurationList section */
		2DAB262025390D7500A4AEBC /* Build configuration list for PBXProject "MobileJobEditor" */ = {
			isa = XCConfigurationList;
			buildConfigurations = (
				2DAB263725390D7A00A4AEBC /* Debug */,
				2DAB263825390D7A00A4AEBC /* Release */,
			);
			defaultConfigurationIsVisible = 0;
			defaultConfigurationName = Release;
		};
		2DAB263925390D7A00A4AEBC /* Build configuration list for PBXNativeTarget "MobileJobEditor" */ = {
			isa = XCConfigurationList;
			buildConfigurations = (
				2DAB263A25390D7A00A4AEBC /* Debug */,
				2DAB263B25390D7A00A4AEBC /* Release */,
			);
			defaultConfigurationIsVisible = 0;
			defaultConfigurationName = Release;
		};
/* End XCConfigurationList section */
	};
	rootObject = 2DAB261D25390D7500A4AEBC /* Project object */;
}
